
Microsoft Visual Studio Solution File, Format Version 12.00
# Visual Studio Version 17
VisualStudioVersion = 17.7.34221.43
MinimumVisualStudioVersion = 10.0.40219.1
Project("{FAE04EC0-301F-11D3-BF4B-00C04F79EFBC}") = "stk.alphavantage", "stk.alphavantage.csproj", "{B2E38DBA-163A-4C6D-8837-953CF53EAE95}"
EndProject
Project("{FAE04EC0-301F-11D3-BF4B-00C04F79EFBC}") = "stk.alphavantage.tests", "..\stk.alphavantage.tests\stk.alphavantage.tests.csproj", "{6080261D-CE42-445B-A2A9-86EE48DBC8BA}"
EndProject
Global
	GlobalSection(SolutionConfigurationPlatforms) = preSolution
		Debug|Any CPU = Debug|Any CPU
		Release|Any CPU = Release|Any CPU
	EndGlobalSection
	GlobalSection(ProjectConfigurationPlatforms) = postSolution
		{B2E38DBA-163A-4C6D-8837-953CF53EAE95}.Debug|Any CPU.ActiveCfg = Debug|Any CPU
		{B2E38DBA-163A-4C6D-8837-953CF53EAE95}.Debug|Any CPU.Build.0 = Debug|Any CPU
		{B2E38DBA-163A-4C6D-8837-953CF53EAE95}.Release|Any CPU.ActiveCfg = Release|Any CPU
		{B2E38DBA-163A-4C6D-8837-953CF53EAE95}.Release|Any CPU.Build.0 = Release|Any CPU
		{6080261D-CE42-445B-A2A9-86EE48DBC8BA}.Debug|Any CPU.ActiveCfg = Debug|Any CPU
		{6080261D-CE42-445B-A2A9-86EE48DBC8BA}.Debug|Any CPU.Build.0 = Debug|Any CPU
		{6080261D-CE42-445B-A2A9-86EE48DBC8BA}.Release|Any CPU.ActiveCfg = Release|Any CPU
		{6080261D-CE42-445B-A2A9-86EE48DBC8BA}.Release|Any CPU.Build.0 = Release|Any CPU
	EndGlobalSection
	GlobalSection(SolutionProperties) = preSolution
		HideSolutionNode = FALSE
	EndGlobalSection
	GlobalSection(ExtensibilityGlobals) = postSolution
		SolutionGuid = {4D29A379-12C5-403A-96B3-18666F2B1100}
	EndGlobalSection
EndGlobal
